
Microsoft Visual Studio Solution File, Format Version 12.00
# Visual Studio Version 17
VisualStudioVersion = 17.2.32602.215
MinimumVisualStudioVersion = 10.0.40219.1
Project("{FAE04EC0-301F-11D3-BF4B-00C04F79EFBC}") = "flappy_bird_game", "flappy_bird_game\flappy_bird_game.csproj", "{9995CFBC-5E11-4641-A40E-E006CA00B979}"
EndProject
Global
	GlobalSection(SolutionConfigurationPlatforms) = preSolution
		Debug|Any CPU = Debug|Any CPU
		Release|Any CPU = Release|Any CPU
	EndGlobalSection
	GlobalSection(ProjectConfigurationPlatforms) = postSolution
		{9995CFBC-5E11-4641-A40E-E006CA00B979}.Debug|Any CPU.ActiveCfg = Debug|Any CPU
		{9995CFBC-5E11-4641-A40E-E006CA00B979}.Debug|Any CPU.Build.0 = Debug|Any CPU
		{9995CFBC-5E11-4641-A40E-E006CA00B979}.Release|Any CPU.ActiveCfg = Release|Any CPU
		{9995CFBC-5E11-4641-A40E-E006CA00B979}.Release|Any CPU.Build.0 = Release|Any CPU
	EndGlobalSection
	GlobalSection(SolutionProperties) = preSolution
		HideSolutionNode = FALSE
	EndGlobalSection
	GlobalSection(ExtensibilityGlobals) = postSolution
		SolutionGuid = {7E2DC495-222A-491D-9477-9770FA379946}
	EndGlobalSection
EndGlobal
